PODS:
  - Alamofire (4.5.1)
  - AlamofireObjectMapper (5.0.0):
    - Alamofire (~> 4.1)
    - ObjectMapper (~> 3.0)
  - Cache (4.1.2)
  - ESTabBarController-swift (2.5)
  - Hero (1.0.0)
  - Hue (3.0.0)
  - ImagePicker (3.0.0)
  - Imaginary (3.0.2):
    - Cache (~> 4.0)
  - Lightbox (2.0.1):
    - Hue (~> 3.0)
    - Imaginary (~> 3.0)
  - Mapbox-iOS-SDK (3.6.4)
  - ObjectMapper (3.1.0)
  - pop (1.0.10)
  - Pulley (2.1.0)
  - SDWebImage (4.2.2):
    - SDWebImage/Core (= 4.2.2)
  - SDWebImage/Core (4.2.2)
  - Shimmer (1.0.2)
  - SkyFloatingLabelTextField (3.3.0)
  - SwiftMessages (4.1.0)
  - SwiftyButton (0.7.0)
  - Typist (1.1.0)

DEPENDENCIES:
  - Alamofire (~> 4.5)
  - AlamofireObjectMapper (~> 5.0)
  - ESTabBarController-swift
  - Hero
  - ImagePicker
  - Lightbox
  - Mapbox-iOS-SDK (~> 3.6)
  - pop (~> 1.0)
  - Pulley
  - SDWebImage (~> 4.0)
  - Shimmer
  - SkyFloatingLabelTextField (~> 3.0)
  - SwiftMessages
  - SwiftyButton
  - Typist

SPEC CHECKSUMS:
  Alamofire: 2d95912bf4c34f164fdfc335872e8c312acaea4a
  AlamofireObjectMapper: 5fafc816351cbbc0d486611aaeba7461c0cbad49
  Cache: bd0233fc688b5e83a27bcd87807db7e6f23adcc5
  ESTabBarController-swift: 8daa432f2a9be8ebd25101dc46c84472fd760512
  Hero: 18e7cf8af41c04c8532d1430ac174004a9365c87
  Hue: b8fe1e43eef13631331eebecb2198b68e2622f95
  ImagePicker: 973953c25960fe04729a7082a56194321c6762d2
  Imaginary: d675200546110e305d6a26db6267c0622ffe5e6b
  Lightbox: b72d18d05b57ba55dbac2eb0d7dafdc934205cf3
  Mapbox-iOS-SDK: 47847dd44285477e0dfffd0130f65c8a52823ada
  ObjectMapper: 20505058f54e5c3ca69e1d6de9897d152a5369a6
  pop: 82ca6b068ce9278fd350fd9dd09482a0ce9492e6
  Pulley: 7abf04a13c0d4681b3c21a4b4bb0bc83612899ae
  SDWebImage: 89a9d32cd520bbb46eb14e541d5109b3564af198
  Shimmer: c5374be1c2b0c9e292fb05b339a513cf291cac86
  SkyFloatingLabelTextField: 771be94beca6868a6cea187f70c965ebd81d2f93
  SwiftMessages: 1bacc783c8f10bdfdc57c14860cae8a1f1fa6591
  SwiftyButton: f0982849c00ef5a0ed0852202d00201af0943000
  Typist: 31a3eb9d6b97ea28e0e247bb8b14ed23fe624170

PODFILE CHECKSUM: 033d299e81f246395dceb7fd78f880c58e32d3f8

COCOAPODS: 1.3.1
